// !$*UTF8*$!
{
	archiveVersion = 1;
	classes = {
	};
	objectVersion = 46;
	objects = {

/* Begin PBXBuildFile section */
		EB5F24F11D94B6AB00FF2253 /* AppDelegate.swift in Sources */ = {isa = PBXBuildFile; fileRef = EB5F24F01D94B6AB00FF2253 /* AppDelegate.swift */; };
		EB5F24F31D94B6AB00FF2253 /* ViewController.swift in Sources */ = {isa = PBXBuildFile; fileRef = EB5F24F21D94B6AB00FF2253 /* ViewController.swift */; };
		EB5F24F61D94B6AB00FF2253 /* Main.storyboard in Resources */ = {isa = PBXBuildFile; fileRef = EB5F24F41D94B6AB00FF2253 /* Main.storyboard */; };
		EB5F24F81D94B6AB00FF2253 /* Assets.xcassets in Resources */ = {isa = PBXBuildFile; fileRef = EB5F24F71D94B6AB00FF2253 /* Assets.xcassets */; };
		EB5F24FB1D94B6AB00FF2253 /* LaunchScreen.storyboard in Resources */ = {isa = PBXBuildFile; fileRef = EB5F24F91D94B6AB00FF2253 /* LaunchScreen.storyboard */; };
		EB5F25051D94B8CA00FF2253 /* media1.mov in Resources */ = {isa = PBXBuildFile; fileRef = EB5F25041D94B8CA00FF2253 /* media1.mov */; };
/* End PBXBuildFile section */

/* Begin PBXFileReference section */
		EB5F24ED1D94B6AB00FF2253 /* media.app */ = {isa = PBXFileReference; explicitFileType = wrapper.application; includeInIndex = 0; path = media.app; sourceTree = BUILT_PRODUCTS_DIR; };
		EB5F24F01D94B6AB00FF2253 /* AppDelegate.swift */ = {isa = PBXFileReference; lastKnownFileType = sourcecode.swift; path = AppDelegate.swift; sourceTree = "<group>"; };
		EB5F24F21D94B6AB00FF2253 /* ViewController.swift */ = {isa = PBXFileReference; lastKnownFileType = sourcecode.swift; path = ViewController.swift; sourceTree = "<group>"; };
		EB5F24F51D94B6AB00FF2253 /* Base */ = {isa = PBXFileReference; lastKnownFileType = file.storyboard; name = Base; path = Base.lproj/Main.storyboard; sourceTree = "<group>"; };
		EB5F24F71D94B6AB00FF2253 /* Assets.xcassets */ = {isa = PBXFileReference; lastKnownFileType = folder.assetcatalog; path = Assets.xcassets; sourceTree = "<group>"; };
		EB5F24FA1D94B6AB00FF2253 /* Base */ = {isa = PBXFileReference; lastKnownFileType = file.storyboard; name = Base; path = Base.lproj/LaunchScreen.storyboard; sourceTree = "<group>"; };
		EB5F24FC1D94B6AB00FF2253 /* Info.plist */ = {isa = PBXFileReference; lastKnownFileType = text.plist.xml; path = Info.plist; sourceTree = "<group>"; };
		EB5F25041D94B8CA00FF2253 /* media1.mov */ = {isa = PBXFileReference; lastKnownFileType = video.quicktime; path = media1.mov; sourceTree = "<group>"; };
/* End PBXFileReference section */

/* Begin PBXFrameworksBuildPhase section */
		EB5F24EA1D94B6AB00FF2253 /* Frameworks */ = {
			isa = PBXFrameworksBuildPhase;
			buildActionMask = 2147483647;
			files = (
			);
			runOnlyForDeploymentPostprocessing = 0;
		};
/* End PBXFrameworksBuildPhase section */

/* Begin PBXGroup section */
		EB5F24E41D94B6AB00FF2253 = {
			isa = PBXGroup;
			children = (
				EB5F24EF1D94B6AB00FF2253 /* media */,
				EB5F24EE1D94B6AB00FF2253 /* Products */,
			);
			sourceTree = "<group>";
		};
		EB5F24EE1D94B6AB00FF2253 /* Products */ = {
			isa = PBXGroup;
			children = (
				EB5F24ED1D94B6AB00FF2253 /* media.app */,
			);
			name = Products;
			sourceTree = "<group>";
		};
		EB5F24EF1D94B6AB00FF2253 /* media */ = {
			isa = PBXGroup;
			children = (
				EB5F25041D94B8CA00FF2253 /* media1.mov */,
				EB5F24F01D94B6AB00FF2253 /* AppDelegate.swift */,
				EB5F24F21D94B6AB00FF2253 /* ViewController.swift */,
				EB5F24F41D94B6AB00FF2253 /* Main.storyboard */,
				EB5F24F71D94B6AB00FF2253 /* Assets.xcassets */,
				EB5F24F91D94B6AB00FF2253 /* LaunchScreen.storyboard */,
				EB5F24FC1D94B6AB00FF2253 /* Info.plist */,
			);
			path = media;
			sourceTree = "<group>";
		};
/* End PBXGroup section */

/* Begin PBXNativeTarget section */
		EB5F24EC1D94B6AB00FF2253 /* media */ = {
			isa = PBXNativeTarget;
			buildConfigurationList = EB5F24FF1D94B6AB00FF2253 /* Build configuration list for PBXNativeTarget "media" */;
			buildPhases = (
				EB5F24E91D94B6AB00FF2253 /* Sources */,
				EB5F24EA1D94B6AB00FF2253 /* Frameworks */,
				EB5F24EB1D94B6AB00FF2253 /* Resources */,
			);
			buildRules = (
			);
			dependencies = (
			);
			name = media;
			productName = media;
			productReference = EB5F24ED1D94B6AB00FF2253 /* media.app */;
			productType = "com.apple.product-type.application";
		};
/* End PBXNativeTarget section */

/* Begin PBXProject section */
		EB5F24E51D94B6AB00FF2253 /* Project object */ = {
			isa = PBXProject;
			attributes = {
				LastSwiftUpdateCheck = 0800;
				LastUpgradeCheck = 0800;
				ORGANIZATIONNAME = joker;
				TargetAttributes = {
					EB5F24EC1D94B6AB00FF2253 = {
						CreatedOnToolsVersion = 8.0;
						DevelopmentTeam = ZWZANXUM79;
						ProvisioningStyle = Automatic;
					};
				};
			};
			buildConfigurationList = EB5F24E81D94B6AB00FF2253 /* Build configuration list for PBXProject "media" */;
			compatibilityVersion = "Xcode 3.2";
			developmentRegion = English;
			hasScannedForEncodings = 0;
			knownRegions = (
				en,
				Base,
			);
			mainGroup = EB5F24E41D94B6AB00FF2253;
			productRefGroup = EB5F24EE1D94B6AB00FF2253 /* Products */;
			projectDirPath = "";
			projectRoot = "";
			targets = (
				EB5F24EC1D94B6AB00FF2253 /* media */,
			);
		};
/* End PBXProject section */

/* Begin PBXResourcesBuildPhase section */
		EB5F24EB1D94B6AB00FF2253 /* Resources */ = {
			isa = PBXResourcesBuildPhase;
			buildActionMask = 2147483647;
			files = (
				EB5F24FB1D94B6AB00FF2253 /* LaunchScreen.storyboard in Resources */,
				EB5F24F81D94B6AB00FF2253 /* Assets.xcassets in Resources */,
				EB5F24F61D94B6AB00FF2253 /* Main.storyboard in Resources */,
				EB5F25051D94B8CA00FF2253 /* media1.mov in Resources */,
			);
			runOnlyForDeploymentPostprocessing = 0;
		};
/* End PBXResourcesBuildPhase section */

/* Begin PBXSourcesBuildPhase section */
		EB5F24E91D94B6AB00FF2253 /* Sources */ = {
			isa = PBXSourcesBuildPhase;
			buildActionMask = 2147483647;
			files = (
				EB5F24F31D94B6AB00FF2253 /* ViewController.swift in Sources */,
				EB5F24F11D94B6AB00FF2253 /* AppDelegate.swift in Sources */,
			);
			runOnlyForDeploymentPostprocessing = 0;
		};
/* End PBXSourcesBuildPhase section */

/* Begin PBXVariantGroup section */
		EB5F24F41D94B6AB00FF2253 /* Main.storyboard */ = {
			isa = PBXVariantGroup;
			children = (
				EB5F24F51D94B6AB00FF2253 /* Base */,
			);
			name = Main.storyboard;
			sourceTree = "<group>";
		};
		EB5F24F91D94B6AB00FF2253 /* LaunchScreen.storyboard */ = {
			isa = PBXVariantGroup;
			children = (
				EB5F24FA1D94B6AB00FF2253 /* Base */,
			);
			name = LaunchScreen.storyboard;
			sourceTree = "<group>";
		};
/* End PBXVariantGroup section */

/* Begin XCBuildConfiguration section */
		EB5F24FD1D94B6AB00FF2253 /* Debug */ = {
			isa = XCBuildConfiguration;
			buildSettings = {
				ALWAYS_SEARCH_USER_PATHS = NO;
				CLANG_ANALYZER_NONNULL = YES;
				CLANG_CXX_LANGUAGE_STANDARD = "gnu++0x";
				CLANG_CXX_LIBRARY = "libc++";
				CLANG_ENABLE_MODULES = YES;
				CLANG_ENABLE_OBJC_ARC = YES;
				CLANG_WARN_BOOL_CONVERSION = YES;
				CLANG_WARN_CONSTANT_CONVERSION = YES;
				CLANG_WARN_DIRECT_OBJC_ISA_USAGE = YES_ERROR;
				CLANG_WARN_DOCUMENTATION_COMMENTS = YES;
				CLANG_WARN_EMPTY_BODY = YES;
				CLANG_WARN_ENUM_CONVERSION = YES;
				CLANG_WARN_INFINITE_RECURSION = YES;
				CLANG_WARN_INT_CONVERSION = YES;
				CLANG_WARN_OBJC_ROOT_CLASS = YES_ERROR;
				CLANG_WARN_SUSPICIOUS_MOVES = YES;
				CLANG_WARN_UNREACHABLE_CODE = YES;
				CLANG_WARN__DUPLICATE_METHOD_MATCH = YES;
				"CODE_SIGN_IDENTITY[sdk=iphoneos*]" = "iPhone Developer";
				COPY_PHASE_STRIP = NO;
				DEBUG_INFORMATION_FORMAT = dwarf;
				ENABLE_STRICT_OBJC_MSGSEND = YES;
				ENABLE_TESTABILITY = YES;
				GCC_C_LANGUAGE_STANDARD = gnu99;
				GCC_DYNAMIC_NO_PIC = NO;
				GCC_NO_COMMON_BLOCKS = YES;
				GCC_OPTIMIZATION_LEVEL = 0;
				GCC_PREPROCESSOR_DEFINITIONS = (
					"DEBUG=1",
					"$(inherited)",
				);
				GCC_WARN_64_TO_32_BIT_CONVERSION = YES;
				GCC_WARN_ABOUT_RETURN_TYPE = YES_ERROR;
				GCC_WARN_UNDECLARED_SELECTOR = YES;
				GCC_WARN_UNINITIALIZED_AUTOS = YES_AGGRESSIVE;
				GCC_WARN_UNUSED_FUNCTION = YES;
				GCC_WARN_UNUSED_VARIABLE = YES;
				IPHONEOS_DEPLOYMENT_TARGET = 10.0;
				MTL_ENABLE_DEBUG_INFO = YES;
				ONLY_ACTIVE_ARCH = YES;
				SDKROOT = iphoneos;
				SWIFT_ACTIVE_COMPILATION_CONDITIONS = DEBUG;
				SWIFT_OPTIMIZATION_LEVEL = "-Onone";
			};
			name = Debug;
		};
		EB5F24FE1D94B6AB00FF2253 /* Release */ = {
			isa = XCBuildConfiguration;
			buildSettings = {
				ALWAYS_SEARCH_USER_PATHS = NO;
				CLANG_ANALYZER_NONNULL = YES;
				CLANG_CXX_LANGUAGE_STANDARD = "gnu++0x";
				CLANG_CXX_LIBRARY = "libc++";
				CLANG_ENABLE_MODULES = YES;
				CLANG_ENABLE_OBJC_ARC = YES;
				CLANG_WARN_BOOL_CONVERSION = YES;
				CLANG_WARN_CONSTANT_CONVERSION = YES;
				CLANG_WARN_DIRECT_OBJC_ISA_USAGE = YES_ERROR;
				CLANG_WARN_DOCUMENTATION_COMMENTS = YES;
				CLANG_WARN_EMPTY_BODY = YES;
				CLANG_WARN_ENUM_CONVERSION = YES;
				CLANG_WARN_INFINITE_RECURSION = YES;
				CLANG_WARN_INT_CONVERSION = YES;
				CLANG_WARN_OBJC_ROOT_CLASS = YES_ERROR;
				CLANG_WARN_SUSPICIOUS_MOVES = YES;
				CLANG_WARN_UNREACHABLE_CODE = YES;
				CLANG_WARN__DUPLICATE_METHOD_MATCH = YES;
				"CODE_SIGN_IDENTITY[sdk=iphoneos*]" = "iPhone Developer";
				COPY_PHASE_STRIP = NO;
				DEBUG_INFORMATION_FORMAT = "dwarf-with-dsym";
				ENABLE_NS_ASSERTIONS = NO;
				ENABLE_STRICT_OBJC_MSGSEND = YES;
				GCC_C_LANGUAGE_STANDARD = gnu99;
				GCC_NO_COMMON_BLOCKS = YES;
				GCC_WARN_64_TO_32_BIT_CONVERSION = YES;
				GCC_WARN_ABOUT_RETURN_TYPE = YES_ERROR;
				GCC_WARN_UNDECLARED_SELECTOR = YES;
				GCC_WARN_UNINITIALIZED_AUTOS = YES_AGGRESSIVE;
				GCC_WARN_UNUSED_FUNCTION = YES;
				GCC_WARN_UNUSED_VARIABLE = YES;
				IPHONEOS_DEPLOYMENT_TARGET = 10.0;
				MTL_ENABLE_DEBUG_INFO = NO;
				SDKROOT = iphoneos;
				SWIFT_OPTIMIZATION_LEVEL = "-Owholemodule";
				VALIDATE_PRODUCT = YES;
			};
			name = Release;
		};
		EB5F25001D94B6AB00FF2253 /* Debug */ = {
			isa = XCBuildConfiguration;
			buildSettings = {
				ASSETCATALOG_COMPILER_APPICON_NAME = AppIcon;
				DEVELOPMENT_TEAM = ZWZANXUM79;
				INFOPLIST_FILE = media/Info.plist;
				LD_RUNPATH_SEARCH_PATHS = "$(inherited) @executable_path/Frameworks";
				PRODUCT_BUNDLE_IDENTIFIER = "com.iOS-swift.20160422.learn.media";
				PRODUCT_NAME = "$(TARGET_NAME)";
				SWIFT_VERSION = 3.0;
			};
			name = Debug;
		};
		EB5F25011D94B6AB00FF2253 /* Release */ = {
			isa = XCBuildConfiguration;
			buildSettings = {
				ASSETCATALOG_COMPILER_APPICON_NAME = AppIcon;
				DEVELOPMENT_TEAM = ZWZANXUM79;
				INFOPLIST_FILE = media/Info.plist;
				LD_RUNPATH_SEARCH_PATHS = "$(inherited) @executable_path/Frameworks";
				PRODUCT_BUNDLE_IDENTIFIER = "com.iOS-swift.20160422.learn.media";
				PRODUCT_NAME = "$(TARGET_NAME)";
				SWIFT_VERSION = 3.0;
			};
			name = Release;
		};
/* End XCBuildConfiguration section */

/* Begin XCConfigurationList section */
		EB5F24E81D94B6AB00FF2253 /* Build configuration list for PBXProject "media" */ = {
			isa = XCConfigurationList;
			buildConfigurations = (
				EB5F24FD1D94B6AB00FF2253 /* Debug */,
				EB5F24FE1D94B6AB00FF2253 /* Release */,
			);
			defaultConfigurationIsVisible = 0;
			defaultConfigurationName = Release;
		};
		EB5F24FF1D94B6AB00FF2253 /* Build configuration list for PBXNativeTarget "media" */ = {
			isa = XCConfigurationList;
			buildConfigurations = (
				EB5F25001D94B6AB00FF2253 /* Debug */,
				EB5F25011D94B6AB00FF2253 /* Release */,
			);
			defaultConfigurationIsVisible = 0;
		};
/* End XCConfigurationList section */
	};
	rootObject = EB5F24E51D94B6AB00FF2253 /* Project object */;
}
